// !$*UTF8*$!
{
	archiveVersion = 1;
	classes = {
	};
	objectVersion = 46;
	objects = {

/* Begin PBXBuildFile section */
		A23792861D23183D00BF0B13 /* AppDelegate.swift in Sources */ = {isa = PBXBuildFile; fileRef = A23792851D23183D00BF0B13 /* AppDelegate.swift */; };
		A23792881D23183E00BF0B13 /* ViewController.swift in Sources */ = {isa = PBXBuildFile; fileRef = A23792871D23183E00BF0B13 /* ViewController.swift */; };
		A237928B1D23183E00BF0B13 /* Main.storyboard in Resources */ = {isa = PBXBuildFile; fileRef = A23792891D23183E00BF0B13 /* Main.storyboard */; };
		A237928D1D23183E00BF0B13 /* Assets.xcassets in Resources */ = {isa = PBXBuildFile; fileRef = A237928C1D23183E00BF0B13 /* Assets.xcassets */; };
		A23792901D23183E00BF0B13 /* LaunchScreen.storyboard in Resources */ = {isa = PBXBuildFile; fileRef = A237928E1D23183E00BF0B13 /* LaunchScreen.storyboard */; };
		A237929B1D23183E00BF0B13 /* Retro_CalculatorTests.swift in Sources */ = {isa = PBXBuildFile; fileRef = A237929A1D23183E00BF0B13 /* Retro_CalculatorTests.swift */; };
		A23792A61D23183E00BF0B13 /* Retro_CalculatorUITests.swift in Sources */ = {isa = PBXBuildFile; fileRef = A23792A51D23183E00BF0B13 /* Retro_CalculatorUITests.swift */; };
/* End PBXBuildFile section */

/* Begin PBXContainerItemProxy section */
		A23792971D23183E00BF0B13 /* PBXContainerItemProxy */ = {
			isa = PBXContainerItemProxy;
			containerPortal = A237927A1D23183D00BF0B13 /* Project object */;
			proxyType = 1;
			remoteGlobalIDString = A23792811D23183D00BF0B13;
			remoteInfo = "Retro-Calculator";
		};
		A23792A21D23183E00BF0B13 /* PBXContainerItemProxy */ = {
			isa = PBXContainerItemProxy;
			containerPortal = A237927A1D23183D00BF0B13 /* Project object */;
			proxyType = 1;
			remoteGlobalIDString = A23792811D23183D00BF0B13;
			remoteInfo = "Retro-Calculator";
		};
/* End PBXContainerItemProxy section */

/* Begin PBXFileReference section */
		A23792821D23183D00BF0B13 /* Retro-Calculator.app */ = {isa = PBXFileReference; explicitFileType = wrapper.application; includeInIndex = 0; path = "Retro-Calculator.app"; sourceTree = BUILT_PRODUCTS_DIR; };
		A23792851D23183D00BF0B13 /* AppDelegate.swift */ = {isa = PBXFileReference; lastKnownFileType = sourcecode.swift; path = AppDelegate.swift; sourceTree = "<group>"; };
		A23792871D23183E00BF0B13 /* ViewController.swift */ = {isa = PBXFileReference; lastKnownFileType = sourcecode.swift; path = ViewController.swift; sourceTree = "<group>"; };
		A237928A1D23183E00BF0B13 /* Base */ = {isa = PBXFileReference; lastKnownFileType = file.storyboard; name = Base; path = Base.lproj/Main.storyboard; sourceTree = "<group>"; };
		A237928C1D23183E00BF0B13 /* Assets.xcassets */ = {isa = PBXFileReference; lastKnownFileType = folder.assetcatalog; path = Assets.xcassets; sourceTree = "<group>"; };
		A237928F1D23183E00BF0B13 /* Base */ = {isa = PBXFileReference; lastKnownFileType = file.storyboard; name = Base; path = Base.lproj/LaunchScreen.storyboard; sourceTree = "<group>"; };
		A23792911D23183E00BF0B13 /* Info.plist */ = {isa = PBXFileReference; lastKnownFileType = text.plist.xml; path = Info.plist; sourceTree = "<group>"; };
		A23792961D23183E00BF0B13 /* Retro-CalculatorTests.xctest */ = {isa = PBXFileReference; explicitFileType = wrapper.cfbundle; includeInIndex = 0; path = "Retro-CalculatorTests.xctest"; sourceTree = BUILT_PRODUCTS_DIR; };
		A237929A1D23183E00BF0B13 /* Retro_CalculatorTests.swift */ = {isa = PBXFileReference; lastKnownFileType = sourcecode.swift; path = Retro_CalculatorTests.swift; sourceTree = "<group>"; };
		A237929C1D23183E00BF0B13 /* Info.plist */ = {isa = PBXFileReference; lastKnownFileType = text.plist.xml; path = Info.plist; sourceTree = "<group>"; };
		A23792A11D23183E00BF0B13 /* Retro-CalculatorUITests.xctest */ = {isa = PBXFileReference; explicitFileType = wrapper.cfbundle; includeInIndex = 0; path = "Retro-CalculatorUITests.xctest"; sourceTree = BUILT_PRODUCTS_DIR; };
		A23792A51D23183E00BF0B13 /* Retro_CalculatorUITests.swift */ = {isa = PBXFileReference; lastKnownFileType = sourcecode.swift; path = Retro_CalculatorUITests.swift; sourceTree = "<group>"; };
		A23792A71D23183E00BF0B13 /* Info.plist */ = {isa = PBXFileReference; lastKnownFileType = text.plist.xml; path = Info.plist; sourceTree = "<group>"; };
/* End PBXFileReference section */

/* Begin PBXFrameworksBuildPhase section */
		A237927F1D23183D00BF0B13 /* Frameworks */ = {
			isa = PBXFrameworksBuildPhase;
			buildActionMask = 2147483647;
			files = (
			);
			runOnlyForDeploymentPostprocessing = 0;
		};
		A23792931D23183E00BF0B13 /* Frameworks */ = {
			isa = PBXFrameworksBuildPhase;
			buildActionMask = 2147483647;
			files = (
			);
			runOnlyForDeploymentPostprocessing = 0;
		};
		A237929E1D23183E00BF0B13 /* Frameworks */ = {
			isa = PBXFrameworksBuildPhase;
			buildActionMask = 2147483647;
			files = (
			);
			runOnlyForDeploymentPostprocessing = 0;
		};
/* End PBXFrameworksBuildPhase section */

/* Begin PBXGroup section */
		A23792791D23183D00BF0B13 = {
			isa = PBXGroup;
			children = (
				A23792841D23183D00BF0B13 /* Retro-Calculator */,
				A23792991D23183E00BF0B13 /* Retro-CalculatorTests */,
				A23792A41D23183E00BF0B13 /* Retro-CalculatorUITests */,
				A23792831D23183D00BF0B13 /* Products */,
			);
			sourceTree = "<group>";
		};
		A23792831D23183D00BF0B13 /* Products */ = {
			isa = PBXGroup;
			children = (
				A23792821D23183D00BF0B13 /* Retro-Calculator.app */,
				A23792961D23183E00BF0B13 /* Retro-CalculatorTests.xctest */,
				A23792A11D23183E00BF0B13 /* Retro-CalculatorUITests.xctest */,
			);
			name = Products;
			sourceTree = "<group>";
		};
		A23792841D23183D00BF0B13 /* Retro-Calculator */ = {
			isa = PBXGroup;
			children = (
				A23792851D23183D00BF0B13 /* AppDelegate.swift */,
				A23792871D23183E00BF0B13 /* ViewController.swift */,
				A23792891D23183E00BF0B13 /* Main.storyboard */,
				A237928C1D23183E00BF0B13 /* Assets.xcassets */,
				A237928E1D23183E00BF0B13 /* LaunchScreen.storyboard */,
				A23792911D23183E00BF0B13 /* Info.plist */,
			);
			path = "Retro-Calculator";
			sourceTree = "<group>";
		};
		A23792991D23183E00BF0B13 /* Retro-CalculatorTests */ = {
			isa = PBXGroup;
			children = (
				A237929A1D23183E00BF0B13 /* Retro_CalculatorTests.swift */,
				A237929C1D23183E00BF0B13 /* Info.plist */,
			);
			path = "Retro-CalculatorTests";
			sourceTree = "<group>";
		};
		A23792A41D23183E00BF0B13 /* Retro-CalculatorUITests */ = {
			isa = PBXGroup;
			children = (
				A23792A51D23183E00BF0B13 /* Retro_CalculatorUITests.swift */,
				A23792A71D23183E00BF0B13 /* Info.plist */,
			);
			path = "Retro-CalculatorUITests";
			sourceTree = "<group>";
		};
/* End PBXGroup section */

/* Begin PBXNativeTarget section */
		A23792811D23183D00BF0B13 /* Retro-Calculator */ = {
			isa = PBXNativeTarget;
			buildConfigurationList = A23792AA1D23183E00BF0B13 /* Build configuration list for PBXNativeTarget "Retro-Calculator" */;
			buildPhases = (
				A237927E1D23183D00BF0B13 /* Sources */,
				A237927F1D23183D00BF0B13 /* Frameworks */,
				A23792801D23183D00BF0B13 /* Resources */,
			);
			buildRules = (
			);
			dependencies = (
			);
			name = "Retro-Calculator";
			productName = "Retro-Calculator";
			productReference = A23792821D23183D00BF0B13 /* Retro-Calculator.app */;
			productType = "com.apple.product-type.application";
		};
		A23792951D23183E00BF0B13 /* Retro-CalculatorTests */ = {
			isa = PBXNativeTarget;
			buildConfigurationList = A23792AD1D23183E00BF0B13 /* Build configuration list for PBXNativeTarget "Retro-CalculatorTests" */;
			buildPhases = (
				A23792921D23183E00BF0B13 /* Sources */,
				A23792931D23183E00BF0B13 /* Frameworks */,
				A23792941D23183E00BF0B13 /* Resources */,
			);
			buildRules = (
			);
			dependencies = (
				A23792981D23183E00BF0B13 /* PBXTargetDependency */,
			);
			name = "Retro-CalculatorTests";
			productName = "Retro-CalculatorTests";
			productReference = A23792961D23183E00BF0B13 /* Retro-CalculatorTests.xctest */;
			productType = "com.apple.product-type.bundle.unit-test";
		};
		A23792A01D23183E00BF0B13 /* Retro-CalculatorUITests */ = {
			isa = PBXNativeTarget;
			buildConfigurationList = A23792B01D23183E00BF0B13 /* Build configuration list for PBXNativeTarget "Retro-CalculatorUITests" */;
			buildPhases = (
				A237929D1D23183E00BF0B13 /* Sources */,
				A237929E1D23183E00BF0B13 /* Frameworks */,
				A237929F1D23183E00BF0B13 /* Resources */,
			);
			buildRules = (
			);
			dependencies = (
				A23792A31D23183E00BF0B13 /* PBXTargetDependency */,
			);
			name = "Retro-CalculatorUITests";
			productName = "Retro-CalculatorUITests";
			productReference = A23792A11D23183E00BF0B13 /* Retro-CalculatorUITests.xctest */;
			productType = "com.apple.product-type.bundle.ui-testing";
		};
/* End PBXNativeTarget section */

/* Begin PBXProject section */
		A237927A1D23183D00BF0B13 /* Project object */ = {
			isa = PBXProject;
			attributes = {
				LastSwiftUpdateCheck = 0730;
				LastUpgradeCheck = 0730;
				ORGANIZATIONNAME = Pryzm;
				TargetAttributes = {
					A23792811D23183D00BF0B13 = {
						CreatedOnToolsVersion = 7.3.1;
					};
					A23792951D23183E00BF0B13 = {
						CreatedOnToolsVersion = 7.3.1;
						TestTargetID = A23792811D23183D00BF0B13;
					};
					A23792A01D23183E00BF0B13 = {
						CreatedOnToolsVersion = 7.3.1;
						TestTargetID = A23792811D23183D00BF0B13;
					};
				};
			};
			buildConfigurationList = A237927D1D23183D00BF0B13 /* Build configuration list for PBXProject "Retro-Calculator" */;
			compatibilityVersion = "Xcode 3.2";
			developmentRegion = English;
			hasScannedForEncodings = 0;
			knownRegions = (
				en,
				Base,
			);
			mainGroup = A23792791D23183D00BF0B13;
			productRefGroup = A23792831D23183D00BF0B13 /* Products */;
			projectDirPath = "";
			projectRoot = "";
			targets = (
				A23792811D23183D00BF0B13 /* Retro-Calculator */,
				A23792951D23183E00BF0B13 /* Retro-CalculatorTests */,
				A23792A01D23183E00BF0B13 /* Retro-CalculatorUITests */,
			);
		};
/* End PBXProject section */

/* Begin PBXResourcesBuildPhase section */
		A23792801D23183D00BF0B13 /* Resources */ = {
			isa = PBXResourcesBuildPhase;
			buildActionMask = 2147483647;
			files = (
				A23792901D23183E00BF0B13 /* LaunchScreen.storyboard in Resources */,
				A237928D1D23183E00BF0B13 /* Assets.xcassets in Resources */,
				A237928B1D23183E00BF0B13 /* Main.storyboard in Resources */,
			);
			runOnlyForDeploymentPostprocessing = 0;
		};
		A23792941D23183E00BF0B13 /* Resources */ = {
			isa = PBXResourcesBuildPhase;
			buildActionMask = 2147483647;
			files = (
			);
			runOnlyForDeploymentPostprocessing = 0;
		};
		A237929F1D23183E00BF0B13 /* Resources */ = {
			isa = PBXResourcesBuildPhase;
			buildActionMask = 2147483647;
			files = (
			);
			runOnlyForDeploymentPostprocessing = 0;
		};
/* End PBXResourcesBuildPhase section */

/* Begin PBXSourcesBuildPhase section */
		A237927E1D23183D00BF0B13 /* Sources */ = {
			isa = PBXSourcesBuildPhase;
			buildActionMask = 2147483647;
			files = (
				A23792881D23183E00BF0B13 /* ViewController.swift in Sources */,
				A23792861D23183D00BF0B13 /* AppDelegate.swift in Sources */,
			);
			runOnlyForDeploymentPostprocessing = 0;
		};
		A23792921D23183E00BF0B13 /* Sources */ = {
			isa = PBXSourcesBuildPhase;
			buildActionMask = 2147483647;
			files = (
				A237929B1D23183E00BF0B13 /* Retro_CalculatorTests.swift in Sources */,
			);
			runOnlyForDeploymentPostprocessing = 0;
		};
		A237929D1D23183E00BF0B13 /* Sources */ = {
			isa = PBXSourcesBuildPhase;
			buildActionMask = 2147483647;
			files = (
				A23792A61D23183E00BF0B13 /* Retro_CalculatorUITests.swift in Sources */,
			);
			runOnlyForDeploymentPostprocessing = 0;
		};
/* End PBXSourcesBuildPhase section */

/* Begin PBXTargetDependency section */
		A23792981D23183E00BF0B13 /* PBXTargetDependency */ = {
			isa = PBXTargetDependency;
			target = A23792811D23183D00BF0B13 /* Retro-Calculator */;
			targetProxy = A23792971D23183E00BF0B13 /* PBXContainerItemProxy */;
		};
		A23792A31D23183E00BF0B13 /* PBXTargetDependency */ = {
			isa = PBXTargetDependency;
			target = A23792811D23183D00BF0B13 /* Retro-Calculator */;
			targetProxy = A23792A21D23183E00BF0B13 /* PBXContainerItemProxy */;
		};
/* End PBXTargetDependency section */

/* Begin PBXVariantGroup section */
		A23792891D23183E00BF0B13 /* Main.storyboard */ = {
			isa = PBXVariantGroup;
			children = (
				A237928A1D23183E00BF0B13 /* Base */,
			);
			name = Main.storyboard;
			sourceTree = "<group>";
		};
		A237928E1D23183E00BF0B13 /* LaunchScreen.storyboard */ = {
			isa = PBXVariantGroup;
			children = (
				A237928F1D23183E00BF0B13 /* Base */,
			);
			name = LaunchScreen.storyboard;
			sourceTree = "<group>";
		};
/* End PBXVariantGroup section */

/* Begin XCBuildConfiguration section */
		A23792A81D23183E00BF0B13 /* Debug */ = {
			isa = XCBuildConfiguration;
			buildSettings = {
				ALWAYS_SEARCH_USER_PATHS = NO;
				CLANG_ANALYZER_NONNULL = YES;
				CLANG_CXX_LANGUAGE_STANDARD = "gnu++0x";
				CLANG_CXX_LIBRARY = "libc++";
				CLANG_ENABLE_MODULES = YES;
				CLANG_ENABLE_OBJC_ARC = YES;
				CLANG_WARN_BOOL_CONVERSION = YES;
				CLANG_WARN_CONSTANT_CONVERSION = YES;
				CLANG_WARN_DIRECT_OBJC_ISA_USAGE = YES_ERROR;
				CLANG_WARN_EMPTY_BODY = YES;
				CLANG_WARN_ENUM_CONVERSION = YES;
				CLANG_WARN_INT_CONVERSION = YES;
				CLANG_WARN_OBJC_ROOT_CLASS = YES_ERROR;
				CLANG_WARN_UNREACHABLE_CODE = YES;
				CLANG_WARN__DUPLICATE_METHOD_MATCH = YES;
				"CODE_SIGN_IDENTITY[sdk=iphoneos*]" = "iPhone Developer";
				COPY_PHASE_STRIP = NO;
				DEBUG_INFORMATION_FORMAT = dwarf;
				ENABLE_STRICT_OBJC_MSGSEND = YES;
				ENABLE_TESTABILITY = YES;
				GCC_C_LANGUAGE_STANDARD = gnu99;
				GCC_DYNAMIC_NO_PIC = NO;
				GCC_NO_COMMON_BLOCKS = YES;
				GCC_OPTIMIZATION_LEVEL = 0;
				GCC_PREPROCESSOR_DEFINITIONS = (
					"DEBUG=1",
					"$(inherited)",
				);
				GCC_WARN_64_TO_32_BIT_CONVERSION = YES;
				GCC_WARN_ABOUT_RETURN_TYPE = YES_ERROR;
				GCC_WARN_UNDECLARED_SELECTOR = YES;
				GCC_WARN_UNINITIALIZED_AUTOS = YES_AGGRESSIVE;
				GCC_WARN_UNUSED_FUNCTION = YES;
				GCC_WARN_UNUSED_VARIABLE = YES;
				IPHONEOS_DEPLOYMENT_TARGET = 9.3;
				MTL_ENABLE_DEBUG_INFO = YES;
				ONLY_ACTIVE_ARCH = YES;
				SDKROOT = iphoneos;
				SWIFT_OPTIMIZATION_LEVEL = "-Onone";
				TARGETED_DEVICE_FAMILY = "1,2";
			};
			name = Debug;
		};
		A23792A91D23183E00BF0B13 /* Release */ = {
			isa = XCBuildConfiguration;
			buildSettings = {
				ALWAYS_SEARCH_USER_PATHS = NO;
				CLANG_ANALYZER_NONNULL = YES;
				CLANG_CXX_LANGUAGE_STANDARD = "gnu++0x";
				CLANG_CXX_LIBRARY = "libc++";
				CLANG_ENABLE_MODULES = YES;
				CLANG_ENABLE_OBJC_ARC = YES;
				CLANG_WARN_BOOL_CONVERSION = YES;
				CLANG_WARN_CONSTANT_CONVERSION = YES;
				CLANG_WARN_DIRECT_OBJC_ISA_USAGE = YES_ERROR;
				CLANG_WARN_EMPTY_BODY = YES;
				CLANG_WARN_ENUM_CONVERSION = YES;
				CLANG_WARN_INT_CONVERSION = YES;
				CLANG_WARN_OBJC_ROOT_CLASS = YES_ERROR;
				CLANG_WARN_UNREACHABLE_CODE = YES;
				CLANG_WARN__DUPLICATE_METHOD_MATCH = YES;
				"CODE_SIGN_IDENTITY[sdk=iphoneos*]" = "iPhone Developer";
				COPY_PHASE_STRIP = NO;
				DEBUG_INFORMATION_FORMAT = "dwarf-with-dsym";
				ENABLE_NS_ASSERTIONS = NO;
				ENABLE_STRICT_OBJC_MSGSEND = YES;
				GCC_C_LANGUAGE_STANDARD = gnu99;
				GCC_NO_COMMON_BLOCKS = YES;
				GCC_WARN_64_TO_32_BIT_CONVERSION = YES;
				GCC_WARN_ABOUT_RETURN_TYPE = YES_ERROR;
				GCC_WARN_UNDECLARED_SELECTOR = YES;
				GCC_WARN_UNINITIALIZED_AUTOS = YES_AGGRESSIVE;
				GCC_WARN_UNUSED_FUNCTION = YES;
				GCC_WARN_UNUSED_VARIABLE = YES;
				IPHONEOS_DEPLOYMENT_TARGET = 9.3;
				MTL_ENABLE_DEBUG_INFO = NO;
				SDKROOT = iphoneos;
				TARGETED_DEVICE_FAMILY = "1,2";
				VALIDATE_PRODUCT = YES;
			};
			name = Release;
		};
		A23792AB1D23183E00BF0B13 /* Debug */ = {
			isa = XCBuildConfiguration;
			buildSettings = {
				ASSETCATALOG_COMPILER_APPICON_NAME = AppIcon;
				INFOPLIST_FILE = "Retro-Calculator/Info.plist";
				LD_RUNPATH_SEARCH_PATHS = "$(inherited) @executable_path/Frameworks";
				PRODUCT_BUNDLE_IDENTIFIER = "Pryzm.Retro-Calculator";
				PRODUCT_NAME = "$(TARGET_NAME)";
			};
			name = Debug;
		};
		A23792AC1D23183E00BF0B13 /* Release */ = {
			isa = XCBuildConfiguration;
			buildSettings = {
				ASSETCATALOG_COMPILER_APPICON_NAME = AppIcon;
				INFOPLIST_FILE = "Retro-Calculator/Info.plist";
				LD_RUNPATH_SEARCH_PATHS = "$(inherited) @executable_path/Frameworks";
				PRODUCT_BUNDLE_IDENTIFIER = "Pryzm.Retro-Calculator";
				PRODUCT_NAME = "$(TARGET_NAME)";
			};
			name = Release;
		};
		A23792AE1D23183E00BF0B13 /* Debug */ = {
			isa = XCBuildConfiguration;
			buildSettings = {
				BUNDLE_LOADER = "$(TEST_HOST)";
				INFOPLIST_FILE = "Retro-CalculatorTests/Info.plist";
				LD_RUNPATH_SEARCH_PATHS = "$(inherited) @executable_path/Frameworks @loader_path/Frameworks";
				PRODUCT_BUNDLE_IDENTIFIER = "Pryzm.Retro-CalculatorTests";
				PRODUCT_NAME = "$(TARGET_NAME)";
				TEST_HOST = "$(BUILT_PRODUCTS_DIR)/Retro-Calculator.app/Retro-Calculator";
			};
			name = Debug;
		};
		A23792AF1D23183E00BF0B13 /* Release */ = {
			isa = XCBuildConfiguration;
			buildSettings = {
				BUNDLE_LOADER = "$(TEST_HOST)";
				INFOPLIST_FILE = "Retro-CalculatorTests/Info.plist";
				LD_RUNPATH_SEARCH_PATHS = "$(inherited) @executable_path/Frameworks @loader_path/Frameworks";
				PRODUCT_BUNDLE_IDENTIFIER = "Pryzm.Retro-CalculatorTests";
				PRODUCT_NAME = "$(TARGET_NAME)";
				TEST_HOST = "$(BUILT_PRODUCTS_DIR)/Retro-Calculator.app/Retro-Calculator";
			};
			name = Release;
		};
		A23792B11D23183E00BF0B13 /* Debug */ = {
			isa = XCBuildConfiguration;
			buildSettings = {
				INFOPLIST_FILE = "Retro-CalculatorUITests/Info.plist";
				LD_RUNPATH_SEARCH_PATHS = "$(inherited) @executable_path/Frameworks @loader_path/Frameworks";
				PRODUCT_BUNDLE_IDENTIFIER = "Pryzm.Retro-CalculatorUITests";
				PRODUCT_NAME = "$(TARGET_NAME)";
				TEST_TARGET_NAME = "Retro-Calculator";
			};
			name = Debug;
		};
		A23792B21D23183E00BF0B13 /* Release */ = {
			isa = XCBuildConfiguration;
			buildSettings = {
				INFOPLIST_FILE = "Retro-CalculatorUITests/Info.plist";
				LD_RUNPATH_SEARCH_PATHS = "$(inherited) @executable_path/Frameworks @loader_path/Frameworks";
				PRODUCT_BUNDLE_IDENTIFIER = "Pryzm.Retro-CalculatorUITests";
				PRODUCT_NAME = "$(TARGET_NAME)";
				TEST_TARGET_NAME = "Retro-Calculator";
			};
			name = Release;
		};
/* End XCBuildConfiguration section */

/* Begin XCConfigurationList section */
		A237927D1D23183D00BF0B13 /* Build configuration list for PBXProject "Retro-Calculator" */ = {
			isa = XCConfigurationList;
			buildConfigurations = (
				A23792A81D23183E00BF0B13 /* Debug */,
				A23792A91D23183E00BF0B13 /* Release */,
			);
			defaultConfigurationIsVisible = 0;
			defaultConfigurationName = Release;
		};
		A23792AA1D23183E00BF0B13 /* Build configuration list for PBXNativeTarget "Retro-Calculator" */ = {
			isa = XCConfigurationList;
			buildConfigurations = (
				A23792AB1D23183E00BF0B13 /* Debug */,
				A23792AC1D23183E00BF0B13 /* Release */,
			);
			defaultConfigurationIsVisible = 0;
		};
		A23792AD1D23183E00BF0B13 /* Build configuration list for PBXNativeTarget "Retro-CalculatorTests" */ = {
			isa = XCConfigurationList;
			buildConfigurations = (
				A23792AE1D23183E00BF0B13 /* Debug */,
				A23792AF1D23183E00BF0B13 /* Release */,
			);
			defaultConfigurationIsVisible = 0;
		};
		A23792B01D23183E00BF0B13 /* Build configuration list for PBXNativeTarget "Retro-CalculatorUITests" */ = {
			isa = XCConfigurationList;
			buildConfigurations = (
				A23792B11D23183E00BF0B13 /* Debug */,
				A23792B21D23183E00BF0B13 /* Release */,
			);
			defaultConfigurationIsVisible = 0;
		};
/* End XCConfigurationList section */
	};
	rootObject = A237927A1D23183D00BF0B13 /* Project object */;
}
